
Microsoft Visual Studio Solution File, Format Version 12.00
# Visual Studio 14
VisualStudioVersion = 14.0.25420.1
MinimumVisualStudioVersion = 10.0.40219.1
Project("{E24C65DC-7377-472B-9ABA-BC803B73C61A}") = "Vocab", ".", "{55E1DC85-47E0-4D41-8F28-74444F1837A1}"
	ProjectSection(WebsiteProperties) = preProject
		TargetFrameworkMoniker = ".NETFramework,Version%3Dv4.0"
		Debug.AspNetCompiler.VirtualPath = "/localhost_53159"
		Debug.AspNetCompiler.PhysicalPath = "..\..\..\..\Desktop\Rzeczy\Vocab\"
		Debug.AspNetCompiler.TargetPath = "PrecompiledWeb\localhost_53159\"
		Debug.AspNetCompiler.Updateable = "true"
		Debug.AspNetCompiler.ForceOverwrite = "true"
		Debug.AspNetCompiler.FixedNames = "false"
		Debug.AspNetCompiler.Debug = "True"
		Release.AspNetCompiler.VirtualPath = "/localhost_53159"
		Release.AspNetCompiler.PhysicalPath = "..\..\..\..\Desktop\Rzeczy\Vocab\"
		Release.AspNetCompiler.TargetPath = "PrecompiledWeb\localhost_53159\"
		Release.AspNetCompiler.Updateable = "true"
		Release.AspNetCompiler.ForceOverwrite = "true"
		Release.AspNetCompiler.FixedNames = "false"
		Release.AspNetCompiler.Debug = "False"
		VWDPort = "53159"
	EndProjectSection
EndProject
Global
	GlobalSection(SolutionConfigurationPlatforms) = preSolution
		Debug|Any CPU = Debug|Any CPU
	EndGlobalSection
	GlobalSection(ProjectConfigurationPlatforms) = postSolution
		{55E1DC85-47E0-4D41-8F28-74444F1837A1}.Debug|Any CPU.ActiveCfg = Debug|Any CPU
		{55E1DC85-47E0-4D41-8F28-74444F1837A1}.Debug|Any CPU.Build.0 = Debug|Any CPU
	EndGlobalSection
	GlobalSection(SolutionProperties) = preSolution
		HideSolutionNode = FALSE
	EndGlobalSection
EndGlobal
